
Microsoft Visual Studio Solution File, Format Version 12.00
# Visual Studio Version 16
VisualStudioVersion = 16.0.30804.86
MinimumVisualStudioVersion = 10.0.40219.1
Project("{FAE04EC0-301F-11D3-BF4B-00C04F79EFBC}") = "AccountController", "AccountController\AccountController.csproj", "{0E5C4DEB-AC1E-4DF0-9D64-AF5B3215B530}"
EndProject
Global
	GlobalSection(SolutionConfigurationPlatforms) = preSolution
		Debug|Any CPU = Debug|Any CPU
		Release|Any CPU = Release|Any CPU
	EndGlobalSection
	GlobalSection(ProjectConfigurationPlatforms) = postSolution
		{0E5C4DEB-AC1E-4DF0-9D64-AF5B3215B530}.Debug|Any CPU.ActiveCfg = Debug|Any CPU
		{0E5C4DEB-AC1E-4DF0-9D64-AF5B3215B530}.Debug|Any CPU.Build.0 = Debug|Any CPU
		{0E5C4DEB-AC1E-4DF0-9D64-AF5B3215B530}.Release|Any CPU.ActiveCfg = Release|Any CPU
		{0E5C4DEB-AC1E-4DF0-9D64-AF5B3215B530}.Release|Any CPU.Build.0 = Release|Any CPU
	EndGlobalSection
	GlobalSection(SolutionProperties) = preSolution
		HideSolutionNode = FALSE
	EndGlobalSection
	GlobalSection(ExtensibilityGlobals) = postSolution
		SolutionGuid = {6DE03386-D445-487B-A9A0-4318D8D5B90E}
	EndGlobalSection
EndGlobal
